
Microsoft Visual Studio Solution File, Format Version 12.00
# Visual Studio Version 16
VisualStudioVersion = 16.0.31313.79
MinimumVisualStudioVersion = 10.0.40219.1
Project("{9A19103F-16F7-4668-BE54-9A1E7A4F7556}") = "Vuokraamo", "Vuokraamo\Vuokraamo.csproj", "{0AC7F19E-D3BD-45FD-83DC-09C6050C833C}"
EndProject
Global
	GlobalSection(SolutionConfigurationPlatforms) = preSolution
		Debug|Any CPU = Debug|Any CPU
		Release|Any CPU = Release|Any CPU
	EndGlobalSection
	GlobalSection(ProjectConfigurationPlatforms) = postSolution
		{0AC7F19E-D3BD-45FD-83DC-09C6050C833C}.Debug|Any CPU.ActiveCfg = Debug|Any CPU
		{0AC7F19E-D3BD-45FD-83DC-09C6050C833C}.Debug|Any CPU.Build.0 = Debug|Any CPU
		{0AC7F19E-D3BD-45FD-83DC-09C6050C833C}.Release|Any CPU.ActiveCfg = Release|Any CPU
		{0AC7F19E-D3BD-45FD-83DC-09C6050C833C}.Release|Any CPU.Build.0 = Release|Any CPU
	EndGlobalSection
	GlobalSection(SolutionProperties) = preSolution
		HideSolutionNode = FALSE
	EndGlobalSection
	GlobalSection(ExtensibilityGlobals) = postSolution
		SolutionGuid = {ACBF902C-6A40-4309-B743-A70C026C6283}
	EndGlobalSection
EndGlobal
